
Microsoft Visual Studio Solution File, Format Version 12.00
# Visual Studio 15
VisualStudioVersion = 15.0.27130.2036
MinimumVisualStudioVersion = 10.0.40219.1
Project("{FAE04EC0-301F-11D3-BF4B-00C04F79EFBC}") = "win-acme", "letsencrypt-win-simple\win-acme.csproj", "{30CC3DE8-AA52-4807-9B0D-EBA08B539918}"
EndProject
Global
	GlobalSection(SolutionConfigurationPlatforms) = preSolution
		Debug|Any CPU = Debug|Any CPU
		Debug|x86 = Debug|x86
		Release|Any CPU = Release|Any CPU
		Release|x86 = Release|x86
	EndGlobalSection
	GlobalSection(ProjectConfigurationPlatforms) = postSolution
		{30CC3DE8-AA52-4807-9B0D-EBA08B539918}.Debug|Any CPU.ActiveCfg = Debug|Any CPU
		{30CC3DE8-AA52-4807-9B0D-EBA08B539918}.Debug|Any CPU.Build.0 = Debug|Any CPU
		{30CC3DE8-AA52-4807-9B0D-EBA08B539918}.Debug|x86.ActiveCfg = Debug|x86
		{30CC3DE8-AA52-4807-9B0D-EBA08B539918}.Debug|x86.Build.0 = Debug|x86
		{30CC3DE8-AA52-4807-9B0D-EBA08B539918}.Release|Any CPU.ActiveCfg = Release|Any CPU
		{30CC3DE8-AA52-4807-9B0D-EBA08B539918}.Release|Any CPU.Build.0 = Release|Any CPU
		{30CC3DE8-AA52-4807-9B0D-EBA08B539918}.Release|x86.ActiveCfg = Release|x86
		{30CC3DE8-AA52-4807-9B0D-EBA08B539918}.Release|x86.Build.0 = Release|x86
	EndGlobalSection
	GlobalSection(SolutionProperties) = preSolution
		HideSolutionNode = FALSE
	EndGlobalSection
	GlobalSection(ExtensibilityGlobals) = postSolution
		SolutionGuid = {14AC85A5-EA97-4DBE-B272-40BFEDFD5A67}
	EndGlobalSection
EndGlobal
