
Microsoft Visual Studio Solution File, Format Version 12.00
# Visual Studio Version 16
VisualStudioVersion = 16.0.29209.62
MinimumVisualStudioVersion = 10.0.40219.1
Project("{2150E333-8FDC-42A3-9474-1A3956D46DE8}") = "Solution Items", "Solution Items", "{52ED90D7-705F-4568-A5BE-83E1B159F1C5}"
	ProjectSection(SolutionItems) = preProject
		..\appveyor.yml = ..\appveyor.yml
		..\build\build.ps1 = ..\build\build.ps1
		..\build\create-artifacts.ps1 = ..\build\create-artifacts.ps1
		..\build\sign-exe.ps1 = ..\build\sign-exe.ps1
	EndProjectSection
EndProject
Project("{FAE04EC0-301F-11D3-BF4B-00C04F79EFBC}") = "docs", "..\docs\docs.csproj", "{F115D288-DF07-4424-BF08-594C2DB7C1BB}"
EndProject
Project("{9A19103F-16F7-4668-BE54-9A1E7A4F7556}") = "FluentCommandLineParser", "fluent-command-line-parser\FluentCommandLineParser\FluentCommandLineParser.csproj", "{74CDFA61-81D8-40F2-B536-949BABA15D3E}"
EndProject
Project("{9A19103F-16F7-4668-BE54-9A1E7A4F7556}") = "wacs.lib", "main.lib\wacs.lib.csproj", "{6D8A5D1A-F785-4596-B60A-9AD7250FB97D}"
EndProject
Project("{9A19103F-16F7-4668-BE54-9A1E7A4F7556}") = "wacs.core", "main.core\wacs.core.csproj", "{3F561DE7-33C3-4278-BB40-397727A98896}"
EndProject
Global
	GlobalSection(SolutionConfigurationPlatforms) = preSolution
		Debug|Any CPU = Debug|Any CPU
		Release|Any CPU = Release|Any CPU
	EndGlobalSection
	GlobalSection(ProjectConfigurationPlatforms) = postSolution
		{F115D288-DF07-4424-BF08-594C2DB7C1BB}.Debug|Any CPU.ActiveCfg = Debug|Any CPU
		{F115D288-DF07-4424-BF08-594C2DB7C1BB}.Debug|Any CPU.Build.0 = Debug|Any CPU
		{F115D288-DF07-4424-BF08-594C2DB7C1BB}.Release|Any CPU.ActiveCfg = Release|Any CPU
		{F115D288-DF07-4424-BF08-594C2DB7C1BB}.Release|Any CPU.Build.0 = Release|Any CPU
		{74CDFA61-81D8-40F2-B536-949BABA15D3E}.Debug|Any CPU.ActiveCfg = Debug|Any CPU
		{74CDFA61-81D8-40F2-B536-949BABA15D3E}.Debug|Any CPU.Build.0 = Debug|Any CPU
		{74CDFA61-81D8-40F2-B536-949BABA15D3E}.Release|Any CPU.ActiveCfg = Release|Any CPU
		{74CDFA61-81D8-40F2-B536-949BABA15D3E}.Release|Any CPU.Build.0 = Release|Any CPU
		{6D8A5D1A-F785-4596-B60A-9AD7250FB97D}.Debug|Any CPU.ActiveCfg = Debug|Any CPU
		{6D8A5D1A-F785-4596-B60A-9AD7250FB97D}.Debug|Any CPU.Build.0 = Debug|Any CPU
		{6D8A5D1A-F785-4596-B60A-9AD7250FB97D}.Release|Any CPU.ActiveCfg = Release|Any CPU
		{6D8A5D1A-F785-4596-B60A-9AD7250FB97D}.Release|Any CPU.Build.0 = Release|Any CPU
		{3F561DE7-33C3-4278-BB40-397727A98896}.Debug|Any CPU.ActiveCfg = Debug|Any CPU
		{3F561DE7-33C3-4278-BB40-397727A98896}.Debug|Any CPU.Build.0 = Debug|Any CPU
		{3F561DE7-33C3-4278-BB40-397727A98896}.Release|Any CPU.ActiveCfg = Release|Any CPU
		{3F561DE7-33C3-4278-BB40-397727A98896}.Release|Any CPU.Build.0 = Release|Any CPU
	EndGlobalSection
	GlobalSection(SolutionProperties) = preSolution
		HideSolutionNode = FALSE
	EndGlobalSection
	GlobalSection(ExtensibilityGlobals) = postSolution
		SolutionGuid = {14AC85A5-EA97-4DBE-B272-40BFEDFD5A67}
	EndGlobalSection
EndGlobal
