
Microsoft Visual Studio Solution File, Format Version 12.00
# Visual Studio 15
VisualStudioVersion = 15.0.28307.136
MinimumVisualStudioVersion = 10.0.40219.1
Project("{FAE04EC0-301F-11D3-BF4B-00C04F79EFBC}") = "wacs", "main\wacs.csproj", "{30CC3DE8-AA52-4807-9B0D-EBA08B539918}"
EndProject
Project("{FAE04EC0-301F-11D3-BF4B-00C04F79EFBC}") = "wacs.test", "main.test\test\wacs.test.csproj", "{091C269E-368C-4535-B40A-81C091FEFC8C}"
EndProject
Global
	GlobalSection(SolutionConfigurationPlatforms) = preSolution
		Debug|Any CPU = Debug|Any CPU
		Release|Any CPU = Release|Any CPU
	EndGlobalSection
	GlobalSection(ProjectConfigurationPlatforms) = postSolution
		{30CC3DE8-AA52-4807-9B0D-EBA08B539918}.Debug|Any CPU.ActiveCfg = Debug|Any CPU
		{30CC3DE8-AA52-4807-9B0D-EBA08B539918}.Debug|Any CPU.Build.0 = Debug|Any CPU
		{30CC3DE8-AA52-4807-9B0D-EBA08B539918}.Release|Any CPU.ActiveCfg = Release|Any CPU
		{30CC3DE8-AA52-4807-9B0D-EBA08B539918}.Release|Any CPU.Build.0 = Release|Any CPU
		{091C269E-368C-4535-B40A-81C091FEFC8C}.Debug|Any CPU.ActiveCfg = Debug|Any CPU
		{091C269E-368C-4535-B40A-81C091FEFC8C}.Debug|Any CPU.Build.0 = Debug|Any CPU
		{091C269E-368C-4535-B40A-81C091FEFC8C}.Release|Any CPU.ActiveCfg = Release|Any CPU
		{091C269E-368C-4535-B40A-81C091FEFC8C}.Release|Any CPU.Build.0 = Release|Any CPU
	EndGlobalSection
	GlobalSection(SolutionProperties) = preSolution
		HideSolutionNode = FALSE
	EndGlobalSection
	GlobalSection(ExtensibilityGlobals) = postSolution
		SolutionGuid = {14AC85A5-EA97-4DBE-B272-40BFEDFD5A67}
	EndGlobalSection
EndGlobal
